
Microsoft Visual Studio Solution File, Format Version 12.00
# Visual Studio 2013
VisualStudioVersion = 12.0.21005.1
MinimumVisualStudioVersion = 10.0.40219.1
Project("{FAE04EC0-301F-11D3-BF4B-00C04F79EFBC}") = "BobAndFriends", "BobAndFriends\BobAndFriends.csproj", "{AAA9E873-53D2-47AF-A38D-07A0F4D8EDB9}"
EndProject
Project("{FAE04EC0-301F-11D3-BF4B-00C04F79EFBC}") = "BorderSource", "BorderSource\BorderSource.csproj", "{915D82B0-59BD-441F-BFF4-5D5898B6391D}"
EndProject
Project("{FAE04EC0-301F-11D3-BF4B-00C04F79EFBC}") = "VisualBob", "VisualBob\VisualBob.csproj", "{5D8EAA60-FA65-49E6-8189-9D91754B52FC}"
EndProject
Project("{FAE04EC0-301F-11D3-BF4B-00C04F79EFBC}") = "CategoryMatcher", "CategoryMatcher\CategoryMatcher.csproj", "{B9042CA1-9E5E-49FA-9105-6F91AE419490}"
EndProject
Project("{FAE04EC0-301F-11D3-BF4B-00C04F79EFBC}") = "Baximus", "Baximus\Baximus.csproj", "{2BFF8CAC-26C6-489B-8F9F-EBBBAAF4D4F1}"
EndProject
Project("{FAE04EC0-301F-11D3-BF4B-00C04F79EFBC}") = "Crapper", "Crapper\Crapper.csproj", "{2DFB7C26-BCE5-42C6-997E-EA761BD3F401}"
EndProject
Project("{FAE04EC0-301F-11D3-BF4B-00C04F79EFBC}") = "BetsyTest", "BetsyTest\BetsyTest.csproj", "{1EE4D645-FD29-4EC6-9FBF-42D378DAA4B0}"
EndProject
Global
	GlobalSection(SolutionConfigurationPlatforms) = preSolution
		Debug|Any CPU = Debug|Any CPU
		Release|Any CPU = Release|Any CPU
	EndGlobalSection
	GlobalSection(ProjectConfigurationPlatforms) = postSolution
		{AAA9E873-53D2-47AF-A38D-07A0F4D8EDB9}.Debug|Any CPU.ActiveCfg = Debug|Any CPU
		{AAA9E873-53D2-47AF-A38D-07A0F4D8EDB9}.Debug|Any CPU.Build.0 = Debug|Any CPU
		{AAA9E873-53D2-47AF-A38D-07A0F4D8EDB9}.Release|Any CPU.ActiveCfg = Release|Any CPU
		{AAA9E873-53D2-47AF-A38D-07A0F4D8EDB9}.Release|Any CPU.Build.0 = Release|Any CPU
		{915D82B0-59BD-441F-BFF4-5D5898B6391D}.Debug|Any CPU.ActiveCfg = Debug|Any CPU
		{915D82B0-59BD-441F-BFF4-5D5898B6391D}.Debug|Any CPU.Build.0 = Debug|Any CPU
		{915D82B0-59BD-441F-BFF4-5D5898B6391D}.Release|Any CPU.ActiveCfg = Release|Any CPU
		{915D82B0-59BD-441F-BFF4-5D5898B6391D}.Release|Any CPU.Build.0 = Release|Any CPU
		{5D8EAA60-FA65-49E6-8189-9D91754B52FC}.Debug|Any CPU.ActiveCfg = Debug|Any CPU
		{5D8EAA60-FA65-49E6-8189-9D91754B52FC}.Debug|Any CPU.Build.0 = Debug|Any CPU
		{5D8EAA60-FA65-49E6-8189-9D91754B52FC}.Release|Any CPU.ActiveCfg = Release|Any CPU
		{5D8EAA60-FA65-49E6-8189-9D91754B52FC}.Release|Any CPU.Build.0 = Release|Any CPU
		{B9042CA1-9E5E-49FA-9105-6F91AE419490}.Debug|Any CPU.ActiveCfg = Debug|Any CPU
		{B9042CA1-9E5E-49FA-9105-6F91AE419490}.Debug|Any CPU.Build.0 = Debug|Any CPU
		{B9042CA1-9E5E-49FA-9105-6F91AE419490}.Release|Any CPU.ActiveCfg = Release|Any CPU
		{B9042CA1-9E5E-49FA-9105-6F91AE419490}.Release|Any CPU.Build.0 = Release|Any CPU
		{2BFF8CAC-26C6-489B-8F9F-EBBBAAF4D4F1}.Debug|Any CPU.ActiveCfg = Debug|Any CPU
		{2BFF8CAC-26C6-489B-8F9F-EBBBAAF4D4F1}.Debug|Any CPU.Build.0 = Debug|Any CPU
		{2BFF8CAC-26C6-489B-8F9F-EBBBAAF4D4F1}.Release|Any CPU.ActiveCfg = Release|Any CPU
		{2BFF8CAC-26C6-489B-8F9F-EBBBAAF4D4F1}.Release|Any CPU.Build.0 = Release|Any CPU
		{2DFB7C26-BCE5-42C6-997E-EA761BD3F401}.Debug|Any CPU.ActiveCfg = Debug|Any CPU
		{2DFB7C26-BCE5-42C6-997E-EA761BD3F401}.Debug|Any CPU.Build.0 = Debug|Any CPU
		{2DFB7C26-BCE5-42C6-997E-EA761BD3F401}.Release|Any CPU.ActiveCfg = Release|Any CPU
		{2DFB7C26-BCE5-42C6-997E-EA761BD3F401}.Release|Any CPU.Build.0 = Release|Any CPU
		{1EE4D645-FD29-4EC6-9FBF-42D378DAA4B0}.Debug|Any CPU.ActiveCfg = Debug|Any CPU
		{1EE4D645-FD29-4EC6-9FBF-42D378DAA4B0}.Debug|Any CPU.Build.0 = Debug|Any CPU
		{1EE4D645-FD29-4EC6-9FBF-42D378DAA4B0}.Release|Any CPU.ActiveCfg = Release|Any CPU
		{1EE4D645-FD29-4EC6-9FBF-42D378DAA4B0}.Release|Any CPU.Build.0 = Release|Any CPU
	EndGlobalSection
	GlobalSection(SolutionProperties) = preSolution
		HideSolutionNode = FALSE
	EndGlobalSection
EndGlobal
